
Microsoft Visual Studio Solution File, Format Version 12.00
# Visual Studio Version 16
VisualStudioVersion = 16.0.30804.86
MinimumVisualStudioVersion = 10.0.40219.1
Project("{FAE04EC0-301F-11D3-BF4B-00C04F79EFBC}") = "Capstone2TaskList", "Capstone2TaskList.csproj", "{1E14B854-CB01-4F81-B90F-19DA56B04219}"
EndProject
Global
	GlobalSection(SolutionConfigurationPlatforms) = preSolution
		Debug|Any CPU = Debug|Any CPU
		Release|Any CPU = Release|Any CPU
	EndGlobalSection
	GlobalSection(ProjectConfigurationPlatforms) = postSolution
		{1E14B854-CB01-4F81-B90F-19DA56B04219}.Debug|Any CPU.ActiveCfg = Debug|Any CPU
		{1E14B854-CB01-4F81-B90F-19DA56B04219}.Debug|Any CPU.Build.0 = Debug|Any CPU
		{1E14B854-CB01-4F81-B90F-19DA56B04219}.Release|Any CPU.ActiveCfg = Release|Any CPU
		{1E14B854-CB01-4F81-B90F-19DA56B04219}.Release|Any CPU.Build.0 = Release|Any CPU
	EndGlobalSection
	GlobalSection(SolutionProperties) = preSolution
		HideSolutionNode = FALSE
	EndGlobalSection
	GlobalSection(ExtensibilityGlobals) = postSolution
		SolutionGuid = {E1C484FC-EF56-421B-A39A-A0454106E7DF}
	EndGlobalSection
EndGlobal
